
Microsoft Visual Studio Solution File, Format Version 12.00
# Visual Studio Version 17
VisualStudioVersion = 17.8.34330.188
MinimumVisualStudioVersion = 10.0.40219.1
Project("{FAE04EC0-301F-11D3-BF4B-00C04F79EFBC}") = "ApiWithJWT", "ApiWithJWT\ApiWithJWT.csproj", "{232F658A-53B3-41CD-93C1-C7DA8DDBC1E5}"
EndProject
Global
	GlobalSection(SolutionConfigurationPlatforms) = preSolution
		Debug|Any CPU = Debug|Any CPU
		Release|Any CPU = Release|Any CPU
	EndGlobalSection
	GlobalSection(ProjectConfigurationPlatforms) = postSolution
		{232F658A-53B3-41CD-93C1-C7DA8DDBC1E5}.Debug|Any CPU.ActiveCfg = Debug|Any CPU
		{232F658A-53B3-41CD-93C1-C7DA8DDBC1E5}.Debug|Any CPU.Build.0 = Debug|Any CPU
		{232F658A-53B3-41CD-93C1-C7DA8DDBC1E5}.Release|Any CPU.ActiveCfg = Release|Any CPU
		{232F658A-53B3-41CD-93C1-C7DA8DDBC1E5}.Release|Any CPU.Build.0 = Release|Any CPU
	EndGlobalSection
	GlobalSection(SolutionProperties) = preSolution
		HideSolutionNode = FALSE
	EndGlobalSection
	GlobalSection(ExtensibilityGlobals) = postSolution
		SolutionGuid = {F0C4C80D-8683-4AE6-8C33-D0BDCFC92229}
	EndGlobalSection
EndGlobal
